
Microsoft Visual Studio Solution File, Format Version 12.00
# Visual Studio Version 17
VisualStudioVersion = 17.14.37710.0 d17.14
MinimumVisualStudioVersion = 10.0.40219.1
Project("{FAE04EC0-301F-11D3-BF4B-00C04F79EFBC}") = "WindowsFormsApp1", "WindowsFormsApp1\WindowsFormsApp1.csproj", "{1BEA43B7-A51F-46F0-95B2-2124384C86FF}"
EndProject
Global
	GlobalSection(SolutionConfigurationPlatforms) = preSolution
		Debug|Any CPU = Debug|Any CPU
		Release|Any CPU = Release|Any CPU
	EndGlobalSection
	GlobalSection(ProjectConfigurationPlatforms) = postSolution
		{1BEA43B7-A51F-46F0-95B2-2124384C86FF}.Debug|Any CPU.ActiveCfg = Debug|Any CPU
		{1BEA43B7-A51F-46F0-95B2-2124384C86FF}.Debug|Any CPU.Build.0 = Debug|Any CPU
		{1BEA43B7-A51F-46F0-95B2-2124384C86FF}.Release|Any CPU.ActiveCfg = Release|Any CPU
		{1BEA43B7-A51F-46F0-95B2-2124384C86FF}.Release|Any CPU.Build.0 = Release|Any CPU
	EndGlobalSection
	GlobalSection(SolutionProperties) = preSolution
		HideSolutionNode = FALSE
	EndGlobalSection
	GlobalSection(ExtensibilityGlobals) = postSolution
		SolutionGuid = {BC3EF663-13B7-4CE7-BF51-B08832114754}
	EndGlobalSection
EndGlobal
